# Where each desktop native payload is built FROM, pinned by digest.
#
# This file is the upstream side of the contract. The downstream side — the
# digest of the archive NoMercy publishes and the JVM target downloads — lives
# in NativeArchives.kt, because that is what the running library verifies.
#
# Two digests per platform, deliberately. This one says "the bytes we built it
# out of are the bytes VideoLAN published"; the one in Kotlin says "the bytes
# this machine is about to load are the bytes we built". A single digest cannot
# say both, and the interesting supply-chain failures live in the gap.
#
#   tools/build-native-payload.sh libvlc windows-x64

# libmpv, the desktop engine. It replaced libVLC, whose entries were removed
# with the engine itself.
#
# The upstream redistributable, unmodified: shinchiro's mpv-winbuild-cmake
# publishes a dev package carrying libmpv-2.dll and the headers, which is what
# every Windows consumer of libmpv builds against.
#
# LICENCE, stated plainly rather than discovered later. That build is GPL, the
# same footing the libVLC payload beside it is on today — VideoLAN's own
# redistributable is GPL through its plugin set. tools/vlc-lgpl.dockerfile
# exists to replace one of them from source with --disable-gpl and libmpv needs
# the same treatment before either is published in a library that others link
# against. Until then this is a development payload and the LGPL build is the
# open item, for both engines rather than for this one.

# Two versions, because the two platforms take libmpv from two places: the
# Windows payload is upstream's dev package and the Linux one is Debian's
# libmpv2. A single number would name one of them wrongly.
libmpv.version=2026.06.10
libmpv.linux-x64.version=0.35.1

libmpv.windows-x64.kind=7z
libmpv.windows-x64.source=https://github.com/shinchiro/mpv-winbuild-cmake/releases/download/20260610/mpv-dev-x86_64-20260610-git-304426c.7z
libmpv.windows-x64.sha256=8cbb25ea784f01afbb3f904217cab1317430a8bcfd5680fd827a866367f71cc9

# Linux has no portable libmpv build either, and for the same reason libVLC has
# none: the project ships source and the distributions ship packages. So it is
# assembled in a container from Debian's own package plus every non-glibc shared
# object it pulls in, and the container is the pin.
libmpv.linux-x64.kind=container
libmpv.linux-x64.source=debian:bookworm-slim
libmpv.linux-x64.sha256=

# macOS has no prebuilt libmpv anybody publishes: mpv ships source, the app
# bundles that exist are years stale, and there is no equivalent of VideoLAN's
# .dmg. So it is Homebrew's build on the Mac itself, closed over and re-pointed
# at itself with install_name_tool — the container is not an option, because the
# tools that read and rewrite a Mach-O dependency list only run on macOS.
libmpv.macos-arm64.kind=brew
libmpv.macos-arm64.source=homebrew/core/mpv
libmpv.macos-arm64.sha256=
